// !$*UTF8*$!
{
	archiveVersion = 1;
	classes = {
	};
	objectVersion = 54;
	objects = {

/* Begin PBXBuildFile section */
		1162C1592784E19D00A1EC4A /* MainView.swift in Sources */ = {isa = PBXBuildFile; fileRef = 1162C1582784E19D00A1EC4A /* MainView.swift */; };
		1162C15B2784EE4800A1EC4A /* CustomTabView.swift in Sources */ = {isa = PBXBuildFile; fileRef = 1162C15A2784EE4800A1EC4A /* CustomTabView.swift */; };
		1162C15D2784EF7100A1EC4A /* Home.swift in Sources */ = {isa = PBXBuildFile; fileRef = 1162C15C2784EF7100A1EC4A /* Home.swift */; };
		1162C15F2784FD5A00A1EC4A /* Search.swift in Sources */ = {isa = PBXBuildFile; fileRef = 1162C15E2784FD5A00A1EC4A /* Search.swift */; };
		1162C1612785606600A1EC4A /* Bible.swift in Sources */ = {isa = PBXBuildFile; fileRef = 1162C1602785606600A1EC4A /* Bible.swift */; };
		1162C1632785613B00A1EC4A /* UserData.swift in Sources */ = {isa = PBXBuildFile; fileRef = 1162C1622785613B00A1EC4A /* UserData.swift */; };
		11A0478B2782B88A0098C1B0 /* bibleverseApp.swift in Sources */ = {isa = PBXBuildFile; fileRef = 11A0478A2782B88A0098C1B0 /* bibleverseApp.swift */; };
		11A0478D2782B88A0098C1B0 /* ContentView.swift in Sources */ = {isa = PBXBuildFile; fileRef = 11A0478C2782B88A0098C1B0 /* ContentView.swift */; };
		11A0478F2782B88D0098C1B0 /* Assets.xcassets in Resources */ = {isa = PBXBuildFile; fileRef = 11A0478E2782B88D0098C1B0 /* Assets.xcassets */; };
		11A047922782B88D0098C1B0 /* Preview Assets.xcassets in Resources */ = {isa = PBXBuildFile; fileRef = 11A047912782B88D0098C1B0 /* Preview Assets.xcassets */; };
		11A0479C2782B88D0098C1B0 /* bibleverseTests.swift in Sources */ = {isa = PBXBuildFile; fileRef = 11A0479B2782B88D0098C1B0 /* bibleverseTests.swift */; };
		11A047A62782B88D0098C1B0 /* bibleverseUITests.swift in Sources */ = {isa = PBXBuildFile; fileRef = 11A047A52782B88D0098C1B0 /* bibleverseUITests.swift */; };
		11A047A82782B88D0098C1B0 /* bibleverseUITestsLaunchTests.swift in Sources */ = {isa = PBXBuildFile; fileRef = 11A047A72782B88D0098C1B0 /* bibleverseUITestsLaunchTests.swift */; };
		11A047B52782B90B0098C1B0 /* Result.swift in Sources */ = {isa = PBXBuildFile; fileRef = 11A047B42782B90B0098C1B0 /* Result.swift */; };
		11A047BD2784BD9D0098C1B0 /* MenuView.swift in Sources */ = {isa = PBXBuildFile; fileRef = 11A047BC2784BD9D0098C1B0 /* MenuView.swift */; };
/* End PBXBuildFile section */

/* Begin PBXContainerItemProxy section */
		11A047982782B88D0098C1B0 /* PBXContainerItemProxy */ = {
			isa = PBXContainerItemProxy;
			containerPortal = 11A0477F2782B88A0098C1B0 /* Project object */;
			proxyType = 1;
			remoteGlobalIDString = 11A047862782B88A0098C1B0;
			remoteInfo = bibleverse;
		};
		11A047A22782B88D0098C1B0 /* PBXContainerItemProxy */ = {
			isa = PBXContainerItemProxy;
			containerPortal = 11A0477F2782B88A0098C1B0 /* Project object */;
			proxyType = 1;
			remoteGlobalIDString = 11A047862782B88A0098C1B0;
			remoteInfo = bibleverse;
		};
/* End PBXContainerItemProxy section */

/* Begin PBXFileReference section */
		1162C1582784E19D00A1EC4A /* MainView.swift */ = {isa = PBXFileReference; lastKnownFileType = sourcecode.swift; path = MainView.swift; sourceTree = "<group>"; };
		1162C15A2784EE4800A1EC4A /* CustomTabView.swift */ = {isa = PBXFileReference; lastKnownFileType = sourcecode.swift; path = CustomTabView.swift; sourceTree = "<group>"; };
		1162C15C2784EF7100A1EC4A /* Home.swift */ = {isa = PBXFileReference; lastKnownFileType = sourcecode.swift; path = Home.swift; sourceTree = "<group>"; };
		1162C15E2784FD5A00A1EC4A /* Search.swift */ = {isa = PBXFileReference; lastKnownFileType = sourcecode.swift; path = Search.swift; sourceTree = "<group>"; };
		1162C1602785606600A1EC4A /* Bible.swift */ = {isa = PBXFileReference; lastKnownFileType = sourcecode.swift; path = Bible.swift; sourceTree = "<group>"; };
		1162C1622785613B00A1EC4A /* UserData.swift */ = {isa = PBXFileReference; lastKnownFileType = sourcecode.swift; path = UserData.swift; sourceTree = "<group>"; };
		11A047872782B88A0098C1B0 /* bibleverse.app */ = {isa = PBXFileReference; explicitFileType = wrapper.application; includeInIndex = 0; path = bibleverse.app; sourceTree = BUILT_PRODUCTS_DIR; };
		11A0478A2782B88A0098C1B0 /* bibleverseApp.swift */ = {isa = PBXFileReference; lastKnownFileType = sourcecode.swift; path = bibleverseApp.swift; sourceTree = "<group>"; };
		11A0478C2782B88A0098C1B0 /* ContentView.swift */ = {isa = PBXFileReference; lastKnownFileType = sourcecode.swift; path = ContentView.swift; sourceTree = "<group>"; };
		11A0478E2782B88D0098C1B0 /* Assets.xcassets */ = {isa = PBXFileReference; lastKnownFileType = folder.assetcatalog; path = Assets.xcassets; sourceTree = "<group>"; };
		11A047912782B88D0098C1B0 /* Preview Assets.xcassets */ = {isa = PBXFileReference; lastKnownFileType = folder.assetcatalog; path = "Preview Assets.xcassets"; sourceTree = "<group>"; };
		11A047972782B88D0098C1B0 /* bibleverseTests.xctest */ = {isa = PBXFileReference; explicitFileType = wrapper.cfbundle; includeInIndex = 0; path = bibleverseTests.xctest; sourceTree = BUILT_PRODUCTS_DIR; };
		11A0479B2782B88D0098C1B0 /* bibleverseTests.swift */ = {isa = PBXFileReference; lastKnownFileType = sourcecode.swift; path = bibleverseTests.swift; sourceTree = "<group>"; };
		11A047A12782B88D0098C1B0 /* bibleverseUITests.xctest */ = {isa = PBXFileReference; explicitFileType = wrapper.cfbundle; includeInIndex = 0; path = bibleverseUITests.xctest; sourceTree = BUILT_PRODUCTS_DIR; };
		11A047A52782B88D0098C1B0 /* bibleverseUITests.swift */ = {isa = PBXFileReference; lastKnownFileType = sourcecode.swift; path = bibleverseUITests.swift; sourceTree = "<group>"; };
		11A047A72782B88D0098C1B0 /* bibleverseUITestsLaunchTests.swift */ = {isa = PBXFileReference; lastKnownFileType = sourcecode.swift; path = bibleverseUITestsLaunchTests.swift; sourceTree = "<group>"; };
		11A047B42782B90B0098C1B0 /* Result.swift */ = {isa = PBXFileReference; fileEncoding = 4; lastKnownFileType = sourcecode.swift; path = Result.swift; sourceTree = "<group>"; };
		11A047B92783F3620098C1B0 /* Info.plist */ = {isa = PBXFileReference; lastKnownFileType = text.plist; path = Info.plist; sourceTree = "<group>"; };
		11A047BC2784BD9D0098C1B0 /* MenuView.swift */ = {isa = PBXFileReference; lastKnownFileType = sourcecode.swift; path = MenuView.swift; sourceTree = "<group>"; };
/* End PBXFileReference section */

/* Begin PBXFrameworksBuildPhase section */
		11A047842782B88A0098C1B0 /* Frameworks */ = {
			isa = PBXFrameworksBuildPhase;
			buildActionMask = 2147483647;
			files = (
			);
			runOnlyForDeploymentPostprocessing = 0;
		};
		11A047942782B88D0098C1B0 /* Frameworks */ = {
			isa = PBXFrameworksBuildPhase;
			buildActionMask = 2147483647;
			files = (
			);
			runOnlyForDeploymentPostprocessing = 0;
		};
		11A0479E2782B88D0098C1B0 /* Frameworks */ = {
			isa = PBXFrameworksBuildPhase;
			buildActionMask = 2147483647;
			files = (
			);
			runOnlyForDeploymentPostprocessing = 0;
		};
/* End PBXFrameworksBuildPhase section */

/* Begin PBXGroup section */
		1162C1562784E16100A1EC4A /* Model */ = {
			isa = PBXGroup;
			children = (
				11A047B42782B90B0098C1B0 /* Result.swift */,
				1162C1622785613B00A1EC4A /* UserData.swift */,
			);
			path = Model;
			sourceTree = "<group>";
		};
		1162C1572784E16E00A1EC4A /* Views */ = {
			isa = PBXGroup;
			children = (
				11A0478C2782B88A0098C1B0 /* ContentView.swift */,
				1162C1582784E19D00A1EC4A /* MainView.swift */,
				11A047BC2784BD9D0098C1B0 /* MenuView.swift */,
				1162C15A2784EE4800A1EC4A /* CustomTabView.swift */,
				1162C15C2784EF7100A1EC4A /* Home.swift */,
				1162C1602785606600A1EC4A /* Bible.swift */,
				1162C15E2784FD5A00A1EC4A /* Search.swift */,
			);
			path = Views;
			sourceTree = "<group>";
		};
		11A0477E2782B88A0098C1B0 = {
			isa = PBXGroup;
			children = (
				11A047892782B88A0098C1B0 /* bibleverse */,
				11A0479A2782B88D0098C1B0 /* bibleverseTests */,
				11A047A42782B88D0098C1B0 /* bibleverseUITests */,
				11A047882782B88A0098C1B0 /* Products */,
			);
			sourceTree = "<group>";
		};
		11A047882782B88A0098C1B0 /* Products */ = {
			isa = PBXGroup;
			children = (
				11A047872782B88A0098C1B0 /* bibleverse.app */,
				11A047972782B88D0098C1B0 /* bibleverseTests.xctest */,
				11A047A12782B88D0098C1B0 /* bibleverseUITests.xctest */,
			);
			name = Products;
			sourceTree = "<group>";
		};
		11A047892782B88A0098C1B0 /* bibleverse */ = {
			isa = PBXGroup;
			children = (
				1162C1572784E16E00A1EC4A /* Views */,
				1162C1562784E16100A1EC4A /* Model */,
				11A047B92783F3620098C1B0 /* Info.plist */,
				11A0478A2782B88A0098C1B0 /* bibleverseApp.swift */,
				11A0478E2782B88D0098C1B0 /* Assets.xcassets */,
				11A047902782B88D0098C1B0 /* Preview Content */,
			);
			path = bibleverse;
			sourceTree = "<group>";
		};
		11A047902782B88D0098C1B0 /* Preview Content */ = {
			isa = PBXGroup;
			children = (
				11A047912782B88D0098C1B0 /* Preview Assets.xcassets */,
			);
			path = "Preview Content";
			sourceTree = "<group>";
		};
		11A0479A2782B88D0098C1B0 /* bibleverseTests */ = {
			isa = PBXGroup;
			children = (
				11A0479B2782B88D0098C1B0 /* bibleverseTests.swift */,
			);
			path = bibleverseTests;
			sourceTree = "<group>";
		};
		11A047A42782B88D0098C1B0 /* bibleverseUITests */ = {
			isa = PBXGroup;
			children = (
				11A047A52782B88D0098C1B0 /* bibleverseUITests.swift */,
				11A047A72782B88D0098C1B0 /* bibleverseUITestsLaunchTests.swift */,
			);
			path = bibleverseUITests;
			sourceTree = "<group>";
		};
/* End PBXGroup section */

/* Begin PBXNativeTarget section */
		11A047862782B88A0098C1B0 /* bibleverse */ = {
			isa = PBXNativeTarget;
			buildConfigurationList = 11A047AB2782B88D0098C1B0 /* Build configuration list for PBXNativeTarget "bibleverse" */;
			buildPhases = (
				11A047832782B88A0098C1B0 /* Sources */,
				11A047842782B88A0098C1B0 /* Frameworks */,
				11A047852782B88A0098C1B0 /* Resources */,
			);
			buildRules = (
			);
			dependencies = (
			);
			name = bibleverse;
			productName = bibleverse;
			productReference = 11A047872782B88A0098C1B0 /* bibleverse.app */;
			productType = "com.apple.product-type.application";
		};
		11A047962782B88D0098C1B0 /* bibleverseTests */ = {
			isa = PBXNativeTarget;
			buildConfigurationList = 11A047AE2782B88D0098C1B0 /* Build configuration list for PBXNativeTarget "bibleverseTests" */;
			buildPhases = (
				11A047932782B88D0098C1B0 /* Sources */,
				11A047942782B88D0098C1B0 /* Frameworks */,
				11A047952782B88D0098C1B0 /* Resources */,
			);
			buildRules = (
			);
			dependencies = (
				11A047992782B88D0098C1B0 /* PBXTargetDependency */,
			);
			name = bibleverseTests;
			productName = bibleverseTests;
			productReference = 11A047972782B88D0098C1B0 /* bibleverseTests.xctest */;
			productType = "com.apple.product-type.bundle.unit-test";
		};
		11A047A02782B88D0098C1B0 /* bibleverseUITests */ = {
			isa = PBXNativeTarget;
			buildConfigurationList = 11A047B12782B88D0098C1B0 /* Build configuration list for PBXNativeTarget "bibleverseUITests" */;
			buildPhases = (
				11A0479D2782B88D0098C1B0 /* Sources */,
				11A0479E2782B88D0098C1B0 /* Frameworks */,
				11A0479F2782B88D0098C1B0 /* Resources */,
			);
			buildRules = (
			);
			dependencies = (
				11A047A32782B88D0098C1B0 /* PBXTargetDependency */,
			);
			name = bibleverseUITests;
			productName = bibleverseUITests;
			productReference = 11A047A12782B88D0098C1B0 /* bibleverseUITests.xctest */;
			productType = "com.apple.product-type.bundle.ui-testing";
		};
/* End PBXNativeTarget section */

/* Begin PBXProject section */
		11A0477F2782B88A0098C1B0 /* Project object */ = {
			isa = PBXProject;
			attributes = {
				BuildIndependentTargetsInParallel = 1;
				LastSwiftUpdateCheck = 1320;
				LastUpgradeCheck = 1320;
				TargetAttributes = {
					11A047862782B88A0098C1B0 = {
						CreatedOnToolsVersion = 13.2.1;
					};
					11A047962782B88D0098C1B0 = {
						CreatedOnToolsVersion = 13.2.1;
						TestTargetID = 11A047862782B88A0098C1B0;
					};
					11A047A02782B88D0098C1B0 = {
						CreatedOnToolsVersion = 13.2.1;
						TestTargetID = 11A047862782B88A0098C1B0;
					};
				};
			};
			buildConfigurationList = 11A047822782B88A0098C1B0 /* Build configuration list for PBXProject "bibleverse" */;
			compatibilityVersion = "Xcode 12.0";
			developmentRegion = en;
			hasScannedForEncodings = 0;
			knownRegions = (
				en,
				Base,
			);
			mainGroup = 11A0477E2782B88A0098C1B0;
			productRefGroup = 11A047882782B88A0098C1B0 /* Products */;
			projectDirPath = "";
			projectRoot = "";
			targets = (
				11A047862782B88A0098C1B0 /* bibleverse */,
				11A047962782B88D0098C1B0 /* bibleverseTests */,
				11A047A02782B88D0098C1B0 /* bibleverseUITests */,
			);
		};
/* End PBXProject section */

/* Begin PBXResourcesBuildPhase section */
		11A047852782B88A0098C1B0 /* Resources */ = {
			isa = PBXResourcesBuildPhase;
			buildActionMask = 2147483647;
			files = (
				11A047922782B88D0098C1B0 /* Preview Assets.xcassets in Resources */,
				11A0478F2782B88D0098C1B0 /* Assets.xcassets in Resources */,
			);
			runOnlyForDeploymentPostprocessing = 0;
		};
		11A047952782B88D0098C1B0 /* Resources */ = {
			isa = PBXResourcesBuildPhase;
			buildActionMask = 2147483647;
			files = (
			);
			runOnlyForDeploymentPostprocessing = 0;
		};
		11A0479F2782B88D0098C1B0 /* Resources */ = {
			isa = PBXResourcesBuildPhase;
			buildActionMask = 2147483647;
			files = (
			);
			runOnlyForDeploymentPostprocessing = 0;
		};
/* End PBXResourcesBuildPhase section */

/* Begin PBXSourcesBuildPhase section */
		11A047832782B88A0098C1B0 /* Sources */ = {
			isa = PBXSourcesBuildPhase;
			buildActionMask = 2147483647;
			files = (
				11A0478D2782B88A0098C1B0 /* ContentView.swift in Sources */,
				11A047BD2784BD9D0098C1B0 /* MenuView.swift in Sources */,
				1162C1612785606600A1EC4A /* Bible.swift in Sources */,
				11A047B52782B90B0098C1B0 /* Result.swift in Sources */,
				1162C15B2784EE4800A1EC4A /* CustomTabView.swift in Sources */,
				1162C1592784E19D00A1EC4A /* MainView.swift in Sources */,
				1162C15F2784FD5A00A1EC4A /* Search.swift in Sources */,
				11A0478B2782B88A0098C1B0 /* bibleverseApp.swift in Sources */,
				1162C1632785613B00A1EC4A /* UserData.swift in Sources */,
				1162C15D2784EF7100A1EC4A /* Home.swift in Sources */,
			);
			runOnlyForDeploymentPostprocessing = 0;
		};
		11A047932782B88D0098C1B0 /* Sources */ = {
			isa = PBXSourcesBuildPhase;
			buildActionMask = 2147483647;
			files = (
				11A0479C2782B88D0098C1B0 /* bibleverseTests.swift in Sources */,
			);
			runOnlyForDeploymentPostprocessing = 0;
		};
		11A0479D2782B88D0098C1B0 /* Sources */ = {
			isa = PBXSourcesBuildPhase;
			buildActionMask = 2147483647;
			files = (
				11A047A62782B88D0098C1B0 /* bibleverseUITests.swift in Sources */,
				11A047A82782B88D0098C1B0 /* bibleverseUITestsLaunchTests.swift in Sources */,
			);
			runOnlyForDeploymentPostprocessing = 0;
		};
/* End PBXSourcesBuildPhase section */

/* Begin PBXTargetDependency section */
		11A047992782B88D0098C1B0 /* PBXTargetDependency */ = {
			isa = PBXTargetDependency;
			target = 11A047862782B88A0098C1B0 /* bibleverse */;
			targetProxy = 11A047982782B88D0098C1B0 /* PBXContainerItemProxy */;
		};
		11A047A32782B88D0098C1B0 /* PBXTargetDependency */ = {
			isa = PBXTargetDependency;
			target = 11A047862782B88A0098C1B0 /* bibleverse */;
			targetProxy = 11A047A22782B88D0098C1B0 /* PBXContainerItemProxy */;
		};
/* End PBXTargetDependency section */

/* Begin XCBuildConfiguration section */
		11A047A92782B88D0098C1B0 /* Debug */ = {
			isa = XCBuildConfiguration;
			buildSettings = {
				ALWAYS_SEARCH_USER_PATHS = NO;
				CLANG_ANALYZER_NONNULL = YES;
				CLANG_ANALYZER_NUMBER_OBJECT_CONVERSION = YES_AGGRESSIVE;
				CLANG_CXX_LANGUAGE_STANDARD = "gnu++17";
				CLANG_CXX_LIBRARY = "libc++";
				CLANG_ENABLE_MODULES = YES;
				CLANG_ENABLE_OBJC_ARC = YES;
				CLANG_ENABLE_OBJC_WEAK = YES;
				CLANG_WARN_BLOCK_CAPTURE_AUTORELEASING = YES;
				CLANG_WARN_BOOL_CONVERSION = YES;
				CLANG_WARN_COMMA = YES;
				CLANG_WARN_CONSTANT_CONVERSION = YES;
				CLANG_WARN_DEPRECATED_OBJC_IMPLEMENTATIONS = YES;
				CLANG_WARN_DIRECT_OBJC_ISA_USAGE = YES_ERROR;
				CLANG_WARN_DOCUMENTATION_COMMENTS = YES;
				CLANG_WARN_EMPTY_BODY = YES;
				CLANG_WARN_ENUM_CONVERSION = YES;
				CLANG_WARN_INFINITE_RECURSION = YES;
				CLANG_WARN_INT_CONVERSION = YES;
				CLANG_WARN_NON_LITERAL_NULL_CONVERSION = YES;
				CLANG_WARN_OBJC_IMPLICIT_RETAIN_SELF = YES;
				CLANG_WARN_OBJC_LITERAL_CONVERSION = YES;
				CLANG_WARN_OBJC_ROOT_CLASS = YES_ERROR;
				CLANG_WARN_QUOTED_INCLUDE_IN_FRAMEWORK_HEADER = YES;
				CLANG_WARN_RANGE_LOOP_ANALYSIS = YES;
				CLANG_WARN_STRICT_PROTOTYPES = YES;
				CLANG_WARN_SUSPICIOUS_MOVE = YES;
				CLANG_WARN_UNGUARDED_AVAILABILITY = YES_AGGRESSIVE;
				CLANG_WARN_UNREACHABLE_CODE = YES;
				CLANG_WARN__DUPLICATE_METHOD_MATCH = YES;
				COPY_PHASE_STRIP = NO;
				DEBUG_INFORMATION_FORMAT = dwarf;
				ENABLE_STRICT_OBJC_MSGSEND = YES;
				ENABLE_TESTABILITY = YES;
				GCC_C_LANGUAGE_STANDARD = gnu11;
				GCC_DYNAMIC_NO_PIC = NO;
				GCC_NO_COMMON_BLOCKS = YES;
				GCC_OPTIMIZATION_LEVEL = 0;
				GCC_PREPROCESSOR_DEFINITIONS = (
					"DEBUG=1",
					"$(inherited)",
				);
				GCC_WARN_64_TO_32_BIT_CONVERSION = YES;
				GCC_WARN_ABOUT_RETURN_TYPE = YES_ERROR;
				GCC_WARN_UNDECLARED_SELECTOR = YES;
				GCC_WARN_UNINITIALIZED_AUTOS = YES_AGGRESSIVE;
				GCC_WARN_UNUSED_FUNCTION = YES;
				GCC_WARN_UNUSED_VARIABLE = YES;
				IPHONEOS_DEPLOYMENT_TARGET = 15.2;
				MTL_ENABLE_DEBUG_INFO = INCLUDE_SOURCE;
				MTL_FAST_MATH = YES;
				ONLY_ACTIVE_ARCH = YES;
				SDKROOT = iphoneos;
				SWIFT_ACTIVE_COMPILATION_CONDITIONS = DEBUG;
				SWIFT_OPTIMIZATION_LEVEL = "-Onone";
			};
			name = Debug;
		};
		11A047AA2782B88D0098C1B0 /* Release */ = {
			isa = XCBuildConfiguration;
			buildSettings = {
				ALWAYS_SEARCH_USER_PATHS = NO;
				CLANG_ANALYZER_NONNULL = YES;
				CLANG_ANALYZER_NUMBER_OBJECT_CONVERSION = YES_AGGRESSIVE;
				CLANG_CXX_LANGUAGE_STANDARD = "gnu++17";
				CLANG_CXX_LIBRARY = "libc++";
				CLANG_ENABLE_MODULES = YES;
				CLANG_ENABLE_OBJC_ARC = YES;
				CLANG_ENABLE_OBJC_WEAK = YES;
				CLANG_WARN_BLOCK_CAPTURE_AUTORELEASING = YES;
				CLANG_WARN_BOOL_CONVERSION = YES;
				CLANG_WARN_COMMA = YES;
				CLANG_WARN_CONSTANT_CONVERSION = YES;
				CLANG_WARN_DEPRECATED_OBJC_IMPLEMENTATIONS = YES;
				CLANG_WARN_DIRECT_OBJC_ISA_USAGE = YES_ERROR;
				CLANG_WARN_DOCUMENTATION_COMMENTS = YES;
				CLANG_WARN_EMPTY_BODY = YES;
				CLANG_WARN_ENUM_CONVERSION = YES;
				CLANG_WARN_INFINITE_RECURSION = YES;
				CLANG_WARN_INT_CONVERSION = YES;
				CLANG_WARN_NON_LITERAL_NULL_CONVERSION = YES;
				CLANG_WARN_OBJC_IMPLICIT_RETAIN_SELF = YES;
				CLANG_WARN_OBJC_LITERAL_CONVERSION = YES;
				CLANG_WARN_OBJC_ROOT_CLASS = YES_ERROR;
				CLANG_WARN_QUOTED_INCLUDE_IN_FRAMEWORK_HEADER = YES;
				CLANG_WARN_RANGE_LOOP_ANALYSIS = YES;
				CLANG_WARN_STRICT_PROTOTYPES = YES;
				CLANG_WARN_SUSPICIOUS_MOVE = YES;
				CLANG_WARN_UNGUARDED_AVAILABILITY = YES_AGGRESSIVE;
				CLANG_WARN_UNREACHABLE_CODE = YES;
				CLANG_WARN__DUPLICATE_METHOD_MATCH = YES;
				COPY_PHASE_STRIP = NO;
				DEBUG_INFORMATION_FORMAT = "dwarf-with-dsym";
				ENABLE_NS_ASSERTIONS = NO;
				ENABLE_STRICT_OBJC_MSGSEND = YES;
				GCC_C_LANGUAGE_STANDARD = gnu11;
				GCC_NO_COMMON_BLOCKS = YES;
				GCC_WARN_64_TO_32_BIT_CONVERSION = YES;
				GCC_WARN_ABOUT_RETURN_TYPE = YES_ERROR;
				GCC_WARN_UNDECLARED_SELECTOR = YES;
				GCC_WARN_UNINITIALIZED_AUTOS = YES_AGGRESSIVE;
				GCC_WARN_UNUSED_FUNCTION = YES;
				GCC_WARN_UNUSED_VARIABLE = YES;
				IPHONEOS_DEPLOYMENT_TARGET = 15.2;
				MTL_ENABLE_DEBUG_INFO = NO;
				MTL_FAST_MATH = YES;
				SDKROOT = iphoneos;
				SWIFT_COMPILATION_MODE = wholemodule;
				SWIFT_OPTIMIZATION_LEVEL = "-O";
				VALIDATE_PRODUCT = YES;
			};
			name = Release;
		};
		11A047AC2782B88D0098C1B0 /* Debug */ = {
			isa = XCBuildConfiguration;
			buildSettings = {
				ASSETCATALOG_COMPILER_APPICON_NAME = AppIcon;
				ASSETCATALOG_COMPILER_GLOBAL_ACCENT_COLOR_NAME = AccentColor;
				CODE_SIGN_STYLE = Automatic;
				CURRENT_PROJECT_VERSION = 1;
				DEVELOPMENT_ASSET_PATHS = "\"bibleverse/Preview Content\"";
				DEVELOPMENT_TEAM = U9VFYB8Z4V;
				ENABLE_PREVIEWS = YES;
				GENERATE_INFOPLIST_FILE = YES;
				INFOPLIST_FILE = bibleverse/Info.plist;
				INFOPLIST_KEY_UIApplicationSceneManifest_Generation = YES;
				INFOPLIST_KEY_UIApplicationSupportsIndirectInputEvents = YES;
				INFOPLIST_KEY_UILaunchScreen_Generation = YES;
				INFOPLIST_KEY_UISupportedInterfaceOrientations = UIInterfaceOrientationPortrait;
				INFOPLIST_KEY_UISupportedInterfaceOrientations_iPad = "UIInterfaceOrientationPortrait UIInterfaceOrientationPortraitUpsideDown UIInterfaceOrientationLandscapeLeft UIInterfaceOrientationLandscapeRight";
				INFOPLIST_KEY_UISupportedInterfaceOrientations_iPhone = "UIInterfaceOrientationPortrait UIInterfaceOrientationLandscapeLeft UIInterfaceOrientationLandscapeRight";
				LD_RUNPATH_SEARCH_PATHS = (
					"$(inherited)",
					"@executable_path/Frameworks",
				);
				MARKETING_VERSION = 1.0;
				PRODUCT_BUNDLE_IDENTIFIER = com.meladori.bibleverse;
				PRODUCT_NAME = "$(TARGET_NAME)";
				SWIFT_EMIT_LOC_STRINGS = YES;
				SWIFT_VERSION = 5.0;
				TARGETED_DEVICE_FAMILY = "1,2";
			};
			name = Debug;
		};
		11A047AD2782B88D0098C1B0 /* Release */ = {
			isa = XCBuildConfiguration;
			buildSettings = {
				ASSETCATALOG_COMPILER_APPICON_NAME = AppIcon;
				ASSETCATALOG_COMPILER_GLOBAL_ACCENT_COLOR_NAME = AccentColor;
				CODE_SIGN_STYLE = Automatic;
				CURRENT_PROJECT_VERSION = 1;
				DEVELOPMENT_ASSET_PATHS = "\"bibleverse/Preview Content\"";
				DEVELOPMENT_TEAM = U9VFYB8Z4V;
				ENABLE_PREVIEWS = YES;
				GENERATE_INFOPLIST_FILE = YES;
				INFOPLIST_FILE = bibleverse/Info.plist;
				INFOPLIST_KEY_UIApplicationSceneManifest_Generation = YES;
				INFOPLIST_KEY_UIApplicationSupportsIndirectInputEvents = YES;
				INFOPLIST_KEY_UILaunchScreen_Generation = YES;
				INFOPLIST_KEY_UISupportedInterfaceOrientations = UIInterfaceOrientationPortrait;
				INFOPLIST_KEY_UISupportedInterfaceOrientations_iPad = "UIInterfaceOrientationPortrait UIInterfaceOrientationPortraitUpsideDown UIInterfaceOrientationLandscapeLeft UIInterfaceOrientationLandscapeRight";
				INFOPLIST_KEY_UISupportedInterfaceOrientations_iPhone = "UIInterfaceOrientationPortrait UIInterfaceOrientationLandscapeLeft UIInterfaceOrientationLandscapeRight";
				LD_RUNPATH_SEARCH_PATHS = (
					"$(inherited)",
					"@executable_path/Frameworks",
				);
				MARKETING_VERSION = 1.0;
				PRODUCT_BUNDLE_IDENTIFIER = com.meladori.bibleverse;
				PRODUCT_NAME = "$(TARGET_NAME)";
				SWIFT_EMIT_LOC_STRINGS = YES;
				SWIFT_VERSION = 5.0;
				TARGETED_DEVICE_FAMILY = "1,2";
			};
			name = Release;
		};
		11A047AF2782B88D0098C1B0 /* Debug */ = {
			isa = XCBuildConfiguration;
			buildSettings = {
				ALWAYS_EMBED_SWIFT_STANDARD_LIBRARIES = YES;
				BUNDLE_LOADER = "$(TEST_HOST)";
				CODE_SIGN_STYLE = Automatic;
				CURRENT_PROJECT_VERSION = 1;
				DEVELOPMENT_TEAM = U9VFYB8Z4V;
				GENERATE_INFOPLIST_FILE = YES;
				IPHONEOS_DEPLOYMENT_TARGET = 15.2;
				MARKETING_VERSION = 1.0;
				PRODUCT_BUNDLE_IDENTIFIER = com.meladori.bibleverseTests;
				PRODUCT_NAME = "$(TARGET_NAME)";
				SWIFT_EMIT_LOC_STRINGS = NO;
				SWIFT_VERSION = 5.0;
				TARGETED_DEVICE_FAMILY = "1,2";
				TEST_HOST = "$(BUILT_PRODUCTS_DIR)/bibleverse.app/bibleverse";
			};
			name = Debug;
		};
		11A047B02782B88D0098C1B0 /* Release */ = {
			isa = XCBuildConfiguration;
			buildSettings = {
				ALWAYS_EMBED_SWIFT_STANDARD_LIBRARIES = YES;
				BUNDLE_LOADER = "$(TEST_HOST)";
				CODE_SIGN_STYLE = Automatic;
				CURRENT_PROJECT_VERSION = 1;
				DEVELOPMENT_TEAM = U9VFYB8Z4V;
				GENERATE_INFOPLIST_FILE = YES;
				IPHONEOS_DEPLOYMENT_TARGET = 15.2;
				MARKETING_VERSION = 1.0;
				PRODUCT_BUNDLE_IDENTIFIER = com.meladori.bibleverseTests;
				PRODUCT_NAME = "$(TARGET_NAME)";
				SWIFT_EMIT_LOC_STRINGS = NO;
				SWIFT_VERSION = 5.0;
				TARGETED_DEVICE_FAMILY = "1,2";
				TEST_HOST = "$(BUILT_PRODUCTS_DIR)/bibleverse.app/bibleverse";
			};
			name = Release;
		};
		11A047B22782B88D0098C1B0 /* Debug */ = {
			isa = XCBuildConfiguration;
			buildSettings = {
				ALWAYS_EMBED_SWIFT_STANDARD_LIBRARIES = YES;
				CODE_SIGN_STYLE = Automatic;
				CURRENT_PROJECT_VERSION = 1;
				DEVELOPMENT_TEAM = U9VFYB8Z4V;
				GENERATE_INFOPLIST_FILE = YES;
				MARKETING_VERSION = 1.0;
				PRODUCT_BUNDLE_IDENTIFIER = com.meladori.bibleverseUITests;
				PRODUCT_NAME = "$(TARGET_NAME)";
				SWIFT_EMIT_LOC_STRINGS = NO;
				SWIFT_VERSION = 5.0;
				TARGETED_DEVICE_FAMILY = "1,2";
				TEST_TARGET_NAME = bibleverse;
			};
			name = Debug;
		};
		11A047B32782B88D0098C1B0 /* Release */ = {
			isa = XCBuildConfiguration;
			buildSettings = {
				ALWAYS_EMBED_SWIFT_STANDARD_LIBRARIES = YES;
				CODE_SIGN_STYLE = Automatic;
				CURRENT_PROJECT_VERSION = 1;
				DEVELOPMENT_TEAM = U9VFYB8Z4V;
				GENERATE_INFOPLIST_FILE = YES;
				MARKETING_VERSION = 1.0;
				PRODUCT_BUNDLE_IDENTIFIER = com.meladori.bibleverseUITests;
				PRODUCT_NAME = "$(TARGET_NAME)";
				SWIFT_EMIT_LOC_STRINGS = NO;
				SWIFT_VERSION = 5.0;
				TARGETED_DEVICE_FAMILY = "1,2";
				TEST_TARGET_NAME = bibleverse;
			};
			name = Release;
		};
/* End XCBuildConfiguration section */

/* Begin XCConfigurationList section */
		11A047822782B88A0098C1B0 /* Build configuration list for PBXProject "bibleverse" */ = {
			isa = XCConfigurationList;
			buildConfigurations = (
				11A047A92782B88D0098C1B0 /* Debug */,
				11A047AA2782B88D0098C1B0 /* Release */,
			);
			defaultConfigurationIsVisible = 0;
			defaultConfigurationName = Release;
		};
		11A047AB2782B88D0098C1B0 /* Build configuration list for PBXNativeTarget "bibleverse" */ = {
			isa = XCConfigurationList;
			buildConfigurations = (
				11A047AC2782B88D0098C1B0 /* Debug */,
				11A047AD2782B88D0098C1B0 /* Release */,
			);
			defaultConfigurationIsVisible = 0;
			defaultConfigurationName = Release;
		};
		11A047AE2782B88D0098C1B0 /* Build configuration list for PBXNativeTarget "bibleverseTests" */ = {
			isa = XCConfigurationList;
			buildConfigurations = (
				11A047AF2782B88D0098C1B0 /* Debug */,
				11A047B02782B88D0098C1B0 /* Release */,
			);
			defaultConfigurationIsVisible = 0;
			defaultConfigurationName = Release;
		};
		11A047B12782B88D0098C1B0 /* Build configuration list for PBXNativeTarget "bibleverseUITests" */ = {
			isa = XCConfigurationList;
			buildConfigurations = (
				11A047B22782B88D0098C1B0 /* Debug */,
				11A047B32782B88D0098C1B0 /* Release */,
			);
			defaultConfigurationIsVisible = 0;
			defaultConfigurationName = Release;
		};
/* End XCConfigurationList section */
	};
	rootObject = 11A0477F2782B88A0098C1B0 /* Project object */;
}
